
Microsoft Visual Studio Solution File, Format Version 12.00
# Visual Studio 15
Project("{FAE04EC0-301F-11D3-BF4B-00C04F79EFBC}") = "Assembly-CSharp", "Assembly-CSharp.csproj", "{ACA1CF98-37FD-4DC0-46E0-5080B4C6963D}"
EndProject
Project("{FAE04EC0-301F-11D3-BF4B-00C04F79EFBC}") = "Assembly-CSharp", "Assembly-CSharp.Player.csproj", "{DB815DBB-3653-595F-F12D-226FB0FE0DF3}"
EndProject
Global
	GlobalSection(SolutionConfigurationPlatforms) = preSolution
		Debug|Any CPU = Debug|Any CPU
		Release|Any CPU = Release|Any CPU
	EndGlobalSection
	GlobalSection(ProjectConfigurationPlatforms) = postSolution
		{ACA1CF98-37FD-4DC0-46E0-5080B4C6963D}.Debug|Any CPU.ActiveCfg = Debug|Any CPU
		{ACA1CF98-37FD-4DC0-46E0-5080B4C6963D}.Debug|Any CPU.Build.0 = Debug|Any CPU
		{ACA1CF98-37FD-4DC0-46E0-5080B4C6963D}.Release|Any CPU.ActiveCfg = Release|Any CPU
		{ACA1CF98-37FD-4DC0-46E0-5080B4C6963D}.Release|Any CPU.Build.0 = Release|Any CPU
		{DB815DBB-3653-595F-F12D-226FB0FE0DF3}.Debug|Any CPU.ActiveCfg = Debug|Any CPU
		{DB815DBB-3653-595F-F12D-226FB0FE0DF3}.Debug|Any CPU.Build.0 = Debug|Any CPU
		{DB815DBB-3653-595F-F12D-226FB0FE0DF3}.Release|Any CPU.ActiveCfg = Release|Any CPU
		{DB815DBB-3653-595F-F12D-226FB0FE0DF3}.Release|Any CPU.Build.0 = Release|Any CPU
	EndGlobalSection
	GlobalSection(SolutionProperties) = preSolution
		HideSolutionNode = FALSE
	EndGlobalSection
EndGlobal
